{
  "name": "02-HTTP",
  "lockfileVersion": 3,
  "requires": true,
  "packages": {
    "": {
      "dependencies": {
        "accessibility": "^6.1.0"
      }
    },
    "node_modules/accessibility": {
      "version": "6.1.0",
      "resolved": "https://registry.npmjs.org/accessibility/-/accessibility-6.1.0.tgz",
      "integrity": "sha512-Xc1EgMj1kTiKQHbHB16ME6SM90f6KKr8Xa0yEhhlE5u21XS/UOn6AthcgTfBh50wmU1qbM+JnCFX6RERT56uRA==",
      "license": "MIT",
      "dependencies": {
        "regenerator-runtime": "^0.14.1"
      }
    },
    "node_modules/regenerator-runtime": {
      "version": "0.14.1",
      "resolved": "https://registry.npmjs.org/regenerator-runtime/-/regenerator-runtime-0.14.1.tgz",
      "integrity": "sha512-dYnhHh0nJoMfnkZs6GmmhFknAGRrLznOu5nc9ML+EJxGvrx6H7teuevqVqCuPcPK//3eDrrjQhehXVx9cnkGdw==",
      "license": "MIT"
    }
  }
}
